
Microsoft Visual Studio Solution File, Format Version 12.00
# Visual Studio Version 17
VisualStudioVersion = 17.4.33122.133
MinimumVisualStudioVersion = 10.0.40219.1
Project("{FAE04EC0-301F-11D3-BF4B-00C04F79EFBC}") = "UserApi", "UserApi\UserApi.csproj", "{A9CA0D0A-942C-43F0-A2BB-85EED4AF7548}"
EndProject
Global
	GlobalSection(SolutionConfigurationPlatforms) = preSolution
		Debug|Any CPU = Debug|Any CPU
		Release|Any CPU = Release|Any CPU
	EndGlobalSection
	GlobalSection(ProjectConfigurationPlatforms) = postSolution
		{A9CA0D0A-942C-43F0-A2BB-85EED4AF7548}.Debug|Any CPU.ActiveCfg = Debug|Any CPU
		{A9CA0D0A-942C-43F0-A2BB-85EED4AF7548}.Debug|Any CPU.Build.0 = Debug|Any CPU
		{A9CA0D0A-942C-43F0-A2BB-85EED4AF7548}.Release|Any CPU.ActiveCfg = Release|Any CPU
		{A9CA0D0A-942C-43F0-A2BB-85EED4AF7548}.Release|Any CPU.Build.0 = Release|Any CPU
	EndGlobalSection
	GlobalSection(SolutionProperties) = preSolution
		HideSolutionNode = FALSE
	EndGlobalSection
	GlobalSection(ExtensibilityGlobals) = postSolution
		SolutionGuid = {0DA620E8-1AB3-407F-9250-2B7E84A8780A}
	EndGlobalSection
EndGlobal
